
Microsoft Visual Studio Solution File, Format Version 12.00
# Visual Studio Version 16
VisualStudioVersion = 16.0.30114.105
MinimumVisualStudioVersion = 10.0.40219.1
Project("{FAE04EC0-301F-11D3-BF4B-00C04F79EFBC}") = "Catch The FOOD !", "Catch The FOOD !\Catch The FOOD !.csproj", "{818A9BCE-565C-4896-A974-A74DC0B73E3A}"
EndProject
Global
	GlobalSection(SolutionConfigurationPlatforms) = preSolution
		Debug|Any CPU = Debug|Any CPU
		Release|Any CPU = Release|Any CPU
	EndGlobalSection
	GlobalSection(ProjectConfigurationPlatforms) = postSolution
		{818A9BCE-565C-4896-A974-A74DC0B73E3A}.Debug|Any CPU.ActiveCfg = Debug|Any CPU
		{818A9BCE-565C-4896-A974-A74DC0B73E3A}.Debug|Any CPU.Build.0 = Debug|Any CPU
		{818A9BCE-565C-4896-A974-A74DC0B73E3A}.Release|Any CPU.ActiveCfg = Release|Any CPU
		{818A9BCE-565C-4896-A974-A74DC0B73E3A}.Release|Any CPU.Build.0 = Release|Any CPU
	EndGlobalSection
	GlobalSection(SolutionProperties) = preSolution
		HideSolutionNode = FALSE
	EndGlobalSection
	GlobalSection(ExtensibilityGlobals) = postSolution
		SolutionGuid = {9586AA44-6598-405F-860F-76D521A41E2E}
	EndGlobalSection
EndGlobal
